// !$*UTF8*$!
{
	archiveVersion = 1;
	classes = {
	};
	objectVersion = 50;
	objects = {

/* Begin PBXBuildFile section */
		EA402ED5257C7CE8007F733A /* AppDelegate.swift in Sources */ = {isa = PBXBuildFile; fileRef = EA402ED4257C7CE8007F733A /* AppDelegate.swift */; };
		EA402ED7257C7CE8007F733A /* SceneDelegate.swift in Sources */ = {isa = PBXBuildFile; fileRef = EA402ED6257C7CE8007F733A /* SceneDelegate.swift */; };
		EA402ED9257C7CE8007F733A /* ViewController.swift in Sources */ = {isa = PBXBuildFile; fileRef = EA402ED8257C7CE8007F733A /* ViewController.swift */; };
		EA402EDC257C7CE8007F733A /* Main.storyboard in Resources */ = {isa = PBXBuildFile; fileRef = EA402EDA257C7CE8007F733A /* Main.storyboard */; };
		EA402EDE257C7CEF007F733A /* Assets.xcassets in Resources */ = {isa = PBXBuildFile; fileRef = EA402EDD257C7CEF007F733A /* Assets.xcassets */; };
		EA402EE1257C7CEF007F733A /* LaunchScreen.storyboard in Resources */ = {isa = PBXBuildFile; fileRef = EA402EDF257C7CEF007F733A /* LaunchScreen.storyboard */; };
		EA402EEC257C7CEF007F733A /* BoidsSimTests.swift in Sources */ = {isa = PBXBuildFile; fileRef = EA402EEB257C7CEF007F733A /* BoidsSimTests.swift */; };
		EA402EF7257C7CEF007F733A /* BoidsSimUITests.swift in Sources */ = {isa = PBXBuildFile; fileRef = EA402EF6257C7CEF007F733A /* BoidsSimUITests.swift */; };
/* End PBXBuildFile section */

/* Begin PBXContainerItemProxy section */
		EA402EE8257C7CEF007F733A /* PBXContainerItemProxy */ = {
			isa = PBXContainerItemProxy;
			containerPortal = EA402EC9257C7CE8007F733A /* Project object */;
			proxyType = 1;
			remoteGlobalIDString = EA402ED0257C7CE8007F733A;
			remoteInfo = BoidsSim;
		};
		EA402EF3257C7CEF007F733A /* PBXContainerItemProxy */ = {
			isa = PBXContainerItemProxy;
			containerPortal = EA402EC9257C7CE8007F733A /* Project object */;
			proxyType = 1;
			remoteGlobalIDString = EA402ED0257C7CE8007F733A;
			remoteInfo = BoidsSim;
		};
/* End PBXContainerItemProxy section */

/* Begin PBXFileReference section */
		EA402ED1257C7CE8007F733A /* BoidsSim.app */ = {isa = PBXFileReference; explicitFileType = wrapper.application; includeInIndex = 0; path = BoidsSim.app; sourceTree = BUILT_PRODUCTS_DIR; };
		EA402ED4257C7CE8007F733A /* AppDelegate.swift */ = {isa = PBXFileReference; lastKnownFileType = sourcecode.swift; path = AppDelegate.swift; sourceTree = "<group>"; };
		EA402ED6257C7CE8007F733A /* SceneDelegate.swift */ = {isa = PBXFileReference; lastKnownFileType = sourcecode.swift; path = SceneDelegate.swift; sourceTree = "<group>"; };
		EA402ED8257C7CE8007F733A /* ViewController.swift */ = {isa = PBXFileReference; lastKnownFileType = sourcecode.swift; path = ViewController.swift; sourceTree = "<group>"; };
		EA402EDB257C7CE8007F733A /* Base */ = {isa = PBXFileReference; lastKnownFileType = file.storyboard; name = Base; path = Base.lproj/Main.storyboard; sourceTree = "<group>"; };
		EA402EDD257C7CEF007F733A /* Assets.xcassets */ = {isa = PBXFileReference; lastKnownFileType = folder.assetcatalog; path = Assets.xcassets; sourceTree = "<group>"; };
		EA402EE0257C7CEF007F733A /* Base */ = {isa = PBXFileReference; lastKnownFileType = file.storyboard; name = Base; path = Base.lproj/LaunchScreen.storyboard; sourceTree = "<group>"; };
		EA402EE2257C7CEF007F733A /* Info.plist */ = {isa = PBXFileReference; lastKnownFileType = text.plist.xml; path = Info.plist; sourceTree = "<group>"; };
		EA402EE7257C7CEF007F733A /* BoidsSimTests.xctest */ = {isa = PBXFileReference; explicitFileType = wrapper.cfbundle; includeInIndex = 0; path = BoidsSimTests.xctest; sourceTree = BUILT_PRODUCTS_DIR; };
		EA402EEB257C7CEF007F733A /* BoidsSimTests.swift */ = {isa = PBXFileReference; lastKnownFileType = sourcecode.swift; path = BoidsSimTests.swift; sourceTree = "<group>"; };
		EA402EED257C7CEF007F733A /* Info.plist */ = {isa = PBXFileReference; lastKnownFileType = text.plist.xml; path = Info.plist; sourceTree = "<group>"; };
		EA402EF2257C7CEF007F733A /* BoidsSimUITests.xctest */ = {isa = PBXFileReference; explicitFileType = wrapper.cfbundle; includeInIndex = 0; path = BoidsSimUITests.xctest; sourceTree = BUILT_PRODUCTS_DIR; };
		EA402EF6257C7CEF007F733A /* BoidsSimUITests.swift */ = {isa = PBXFileReference; lastKnownFileType = sourcecode.swift; path = BoidsSimUITests.swift; sourceTree = "<group>"; };
		EA402EF8257C7CEF007F733A /* Info.plist */ = {isa = PBXFileReference; lastKnownFileType = text.plist.xml; path = Info.plist; sourceTree = "<group>"; };
/* End PBXFileReference section */

/* Begin PBXFrameworksBuildPhase section */
		EA402ECE257C7CE8007F733A /* Frameworks */ = {
			isa = PBXFrameworksBuildPhase;
			buildActionMask = 2147483647;
			files = (
			);
			runOnlyForDeploymentPostprocessing = 0;
		};
		EA402EE4257C7CEF007F733A /* Frameworks */ = {
			isa = PBXFrameworksBuildPhase;
			buildActionMask = 2147483647;
			files = (
			);
			runOnlyForDeploymentPostprocessing = 0;
		};
		EA402EEF257C7CEF007F733A /* Frameworks */ = {
			isa = PBXFrameworksBuildPhase;
			buildActionMask = 2147483647;
			files = (
			);
			runOnlyForDeploymentPostprocessing = 0;
		};
/* End PBXFrameworksBuildPhase section */

/* Begin PBXGroup section */
		EA402EC8257C7CE8007F733A = {
			isa = PBXGroup;
			children = (
				EA402ED3257C7CE8007F733A /* BoidsSim */,
				EA402EEA257C7CEF007F733A /* BoidsSimTests */,
				EA402EF5257C7CEF007F733A /* BoidsSimUITests */,
				EA402ED2257C7CE8007F733A /* Products */,
			);
			sourceTree = "<group>";
		};
		EA402ED2257C7CE8007F733A /* Products */ = {
			isa = PBXGroup;
			children = (
				EA402ED1257C7CE8007F733A /* BoidsSim.app */,
				EA402EE7257C7CEF007F733A /* BoidsSimTests.xctest */,
				EA402EF2257C7CEF007F733A /* BoidsSimUITests.xctest */,
			);
			name = Products;
			sourceTree = "<group>";
		};
		EA402ED3257C7CE8007F733A /* BoidsSim */ = {
			isa = PBXGroup;
			children = (
				EA402ED4257C7CE8007F733A /* AppDelegate.swift */,
				EA402ED6257C7CE8007F733A /* SceneDelegate.swift */,
				EA402ED8257C7CE8007F733A /* ViewController.swift */,
				EA402EDA257C7CE8007F733A /* Main.storyboard */,
				EA402EDD257C7CEF007F733A /* Assets.xcassets */,
				EA402EDF257C7CEF007F733A /* LaunchScreen.storyboard */,
				EA402EE2257C7CEF007F733A /* Info.plist */,
			);
			path = BoidsSim;
			sourceTree = "<group>";
		};
		EA402EEA257C7CEF007F733A /* BoidsSimTests */ = {
			isa = PBXGroup;
			children = (
				EA402EEB257C7CEF007F733A /* BoidsSimTests.swift */,
				EA402EED257C7CEF007F733A /* Info.plist */,
			);
			path = BoidsSimTests;
			sourceTree = "<group>";
		};
		EA402EF5257C7CEF007F733A /* BoidsSimUITests */ = {
			isa = PBXGroup;
			children = (
				EA402EF6257C7CEF007F733A /* BoidsSimUITests.swift */,
				EA402EF8257C7CEF007F733A /* Info.plist */,
			);
			path = BoidsSimUITests;
			sourceTree = "<group>";
		};
/* End PBXGroup section */

/* Begin PBXNativeTarget section */
		EA402ED0257C7CE8007F733A /* BoidsSim */ = {
			isa = PBXNativeTarget;
			buildConfigurationList = EA402EFB257C7CEF007F733A /* Build configuration list for PBXNativeTarget "BoidsSim" */;
			buildPhases = (
				EA402ECD257C7CE8007F733A /* Sources */,
				EA402ECE257C7CE8007F733A /* Frameworks */,
				EA402ECF257C7CE8007F733A /* Resources */,
			);
			buildRules = (
			);
			dependencies = (
			);
			name = BoidsSim;
			productName = BoidsSim;
			productReference = EA402ED1257C7CE8007F733A /* BoidsSim.app */;
			productType = "com.apple.product-type.application";
		};
		EA402EE6257C7CEF007F733A /* BoidsSimTests */ = {
			isa = PBXNativeTarget;
			buildConfigurationList = EA402EFE257C7CEF007F733A /* Build configuration list for PBXNativeTarget "BoidsSimTests" */;
			buildPhases = (
				EA402EE3257C7CEF007F733A /* Sources */,
				EA402EE4257C7CEF007F733A /* Frameworks */,
				EA402EE5257C7CEF007F733A /* Resources */,
			);
			buildRules = (
			);
			dependencies = (
				EA402EE9257C7CEF007F733A /* PBXTargetDependency */,
			);
			name = BoidsSimTests;
			productName = BoidsSimTests;
			productReference = EA402EE7257C7CEF007F733A /* BoidsSimTests.xctest */;
			productType = "com.apple.product-type.bundle.unit-test";
		};
		EA402EF1257C7CEF007F733A /* BoidsSimUITests */ = {
			isa = PBXNativeTarget;
			buildConfigurationList = EA402F01257C7CEF007F733A /* Build configuration list for PBXNativeTarget "BoidsSimUITests" */;
			buildPhases = (
				EA402EEE257C7CEF007F733A /* Sources */,
				EA402EEF257C7CEF007F733A /* Frameworks */,
				EA402EF0257C7CEF007F733A /* Resources */,
			);
			buildRules = (
			);
			dependencies = (
				EA402EF4257C7CEF007F733A /* PBXTargetDependency */,
			);
			name = BoidsSimUITests;
			productName = BoidsSimUITests;
			productReference = EA402EF2257C7CEF007F733A /* BoidsSimUITests.xctest */;
			productType = "com.apple.product-type.bundle.ui-testing";
		};
/* End PBXNativeTarget section */

/* Begin PBXProject section */
		EA402EC9257C7CE8007F733A /* Project object */ = {
			isa = PBXProject;
			attributes = {
				LastSwiftUpdateCheck = 1160;
				LastUpgradeCheck = 1160;
				ORGANIZATIONNAME = "Kes Haywood";
				TargetAttributes = {
					EA402ED0257C7CE8007F733A = {
						CreatedOnToolsVersion = 11.6;
					};
					EA402EE6257C7CEF007F733A = {
						CreatedOnToolsVersion = 11.6;
						TestTargetID = EA402ED0257C7CE8007F733A;
					};
					EA402EF1257C7CEF007F733A = {
						CreatedOnToolsVersion = 11.6;
						TestTargetID = EA402ED0257C7CE8007F733A;
					};
				};
			};
			buildConfigurationList = EA402ECC257C7CE8007F733A /* Build configuration list for PBXProject "BoidsSim" */;
			compatibilityVersion = "Xcode 9.3";
			developmentRegion = en;
			hasScannedForEncodings = 0;
			knownRegions = (
				en,
				Base,
			);
			mainGroup = EA402EC8257C7CE8007F733A;
			productRefGroup = EA402ED2257C7CE8007F733A /* Products */;
			projectDirPath = "";
			projectRoot = "";
			targets = (
				EA402ED0257C7CE8007F733A /* BoidsSim */,
				EA402EE6257C7CEF007F733A /* BoidsSimTests */,
				EA402EF1257C7CEF007F733A /* BoidsSimUITests */,
			);
		};
/* End PBXProject section */

/* Begin PBXResourcesBuildPhase section */
		EA402ECF257C7CE8007F733A /* Resources */ = {
			isa = PBXResourcesBuildPhase;
			buildActionMask = 2147483647;
			files = (
				EA402EE1257C7CEF007F733A /* LaunchScreen.storyboard in Resources */,
				EA402EDE257C7CEF007F733A /* Assets.xcassets in Resources */,
				EA402EDC257C7CE8007F733A /* Main.storyboard in Resources */,
			);
			runOnlyForDeploymentPostprocessing = 0;
		};
		EA402EE5257C7CEF007F733A /* Resources */ = {
			isa = PBXResourcesBuildPhase;
			buildActionMask = 2147483647;
			files = (
			);
			runOnlyForDeploymentPostprocessing = 0;
		};
		EA402EF0257C7CEF007F733A /* Resources */ = {
			isa = PBXResourcesBuildPhase;
			buildActionMask = 2147483647;
			files = (
			);
			runOnlyForDeploymentPostprocessing = 0;
		};
/* End PBXResourcesBuildPhase section */

/* Begin PBXSourcesBuildPhase section */
		EA402ECD257C7CE8007F733A /* Sources */ = {
			isa = PBXSourcesBuildPhase;
			buildActionMask = 2147483647;
			files = (
				EA402ED9257C7CE8007F733A /* ViewController.swift in Sources */,
				EA402ED5257C7CE8007F733A /* AppDelegate.swift in Sources */,
				EA402ED7257C7CE8007F733A /* SceneDelegate.swift in Sources */,
			);
			runOnlyForDeploymentPostprocessing = 0;
		};
		EA402EE3257C7CEF007F733A /* Sources */ = {
			isa = PBXSourcesBuildPhase;
			buildActionMask = 2147483647;
			files = (
				EA402EEC257C7CEF007F733A /* BoidsSimTests.swift in Sources */,
			);
			runOnlyForDeploymentPostprocessing = 0;
		};
		EA402EEE257C7CEF007F733A /* Sources */ = {
			isa = PBXSourcesBuildPhase;
			buildActionMask = 2147483647;
			files = (
				EA402EF7257C7CEF007F733A /* BoidsSimUITests.swift in Sources */,
			);
			runOnlyForDeploymentPostprocessing = 0;
		};
/* End PBXSourcesBuildPhase section */

/* Begin PBXTargetDependency section */
		EA402EE9257C7CEF007F733A /* PBXTargetDependency */ = {
			isa = PBXTargetDependency;
			target = EA402ED0257C7CE8007F733A /* BoidsSim */;
			targetProxy = EA402EE8257C7CEF007F733A /* PBXContainerItemProxy */;
		};
		EA402EF4257C7CEF007F733A /* PBXTargetDependency */ = {
			isa = PBXTargetDependency;
			target = EA402ED0257C7CE8007F733A /* BoidsSim */;
			targetProxy = EA402EF3257C7CEF007F733A /* PBXContainerItemProxy */;
		};
/* End PBXTargetDependency section */

/* Begin PBXVariantGroup section */
		EA402EDA257C7CE8007F733A /* Main.storyboard */ = {
			isa = PBXVariantGroup;
			children = (
				EA402EDB257C7CE8007F733A /* Base */,
			);
			name = Main.storyboard;
			sourceTree = "<group>";
		};
		EA402EDF257C7CEF007F733A /* LaunchScreen.storyboard */ = {
			isa = PBXVariantGroup;
			children = (
				EA402EE0257C7CEF007F733A /* Base */,
			);
			name = LaunchScreen.storyboard;
			sourceTree = "<group>";
		};
/* End PBXVariantGroup section */

/* Begin XCBuildConfiguration section */
		EA402EF9257C7CEF007F733A /* Debug */ = {
			isa = XCBuildConfiguration;
			buildSettings = {
				ALWAYS_SEARCH_USER_PATHS = NO;
				CLANG_ANALYZER_NONNULL = YES;
				CLANG_ANALYZER_NUMBER_OBJECT_CONVERSION = YES_AGGRESSIVE;
				CLANG_CXX_LANGUAGE_STANDARD = "gnu++14";
				CLANG_CXX_LIBRARY = "libc++";
				CLANG_ENABLE_MODULES = YES;
				CLANG_ENABLE_OBJC_ARC = YES;
				CLANG_ENABLE_OBJC_WEAK = YES;
				CLANG_WARN_BLOCK_CAPTURE_AUTORELEASING = YES;
				CLANG_WARN_BOOL_CONVERSION = YES;
				CLANG_WARN_COMMA = YES;
				CLANG_WARN_CONSTANT_CONVERSION = YES;
				CLANG_WARN_DEPRECATED_OBJC_IMPLEMENTATIONS = YES;
				CLANG_WARN_DIRECT_OBJC_ISA_USAGE = YES_ERROR;
				CLANG_WARN_DOCUMENTATION_COMMENTS = YES;
				CLANG_WARN_EMPTY_BODY = YES;
				CLANG_WARN_ENUM_CONVERSION = YES;
				CLANG_WARN_INFINITE_RECURSION = YES;
				CLANG_WARN_INT_CONVERSION = YES;
				CLANG_WARN_NON_LITERAL_NULL_CONVERSION = YES;
				CLANG_WARN_OBJC_IMPLICIT_RETAIN_SELF = YES;
				CLANG_WARN_OBJC_LITERAL_CONVERSION = YES;
				CLANG_WARN_OBJC_ROOT_CLASS = YES_ERROR;
				CLANG_WARN_RANGE_LOOP_ANALYSIS = YES;
				CLANG_WARN_STRICT_PROTOTYPES = YES;
				CLANG_WARN_SUSPICIOUS_MOVE = YES;
				CLANG_WARN_UNGUARDED_AVAILABILITY = YES_AGGRESSIVE;
				CLANG_WARN_UNREACHABLE_CODE = YES;
				CLANG_WARN__DUPLICATE_METHOD_MATCH = YES;
				COPY_PHASE_STRIP = NO;
				DEBUG_INFORMATION_FORMAT = dwarf;
				ENABLE_STRICT_OBJC_MSGSEND = YES;
				ENABLE_TESTABILITY = YES;
				GCC_C_LANGUAGE_STANDARD = gnu11;
				GCC_DYNAMIC_NO_PIC = NO;
				GCC_NO_COMMON_BLOCKS = YES;
				GCC_OPTIMIZATION_LEVEL = 0;
				GCC_PREPROCESSOR_DEFINITIONS = (
					"DEBUG=1",
					"$(inherited)",
				);
				GCC_WARN_64_TO_32_BIT_CONVERSION = YES;
				GCC_WARN_ABOUT_RETURN_TYPE = YES_ERROR;
				GCC_WARN_UNDECLARED_SELECTOR = YES;
				GCC_WARN_UNINITIALIZED_AUTOS = YES_AGGRESSIVE;
				GCC_WARN_UNUSED_FUNCTION = YES;
				GCC_WARN_UNUSED_VARIABLE = YES;
				IPHONEOS_DEPLOYMENT_TARGET = 13.6;
				MTL_ENABLE_DEBUG_INFO = INCLUDE_SOURCE;
				MTL_FAST_MATH = YES;
				ONLY_ACTIVE_ARCH = YES;
				SDKROOT = iphoneos;
				SWIFT_ACTIVE_COMPILATION_CONDITIONS = DEBUG;
				SWIFT_OPTIMIZATION_LEVEL = "-Onone";
			};
			name = Debug;
		};
		EA402EFA257C7CEF007F733A /* Release */ = {
			isa = XCBuildConfiguration;
			buildSettings = {
				ALWAYS_SEARCH_USER_PATHS = NO;
				CLANG_ANALYZER_NONNULL = YES;
				CLANG_ANALYZER_NUMBER_OBJECT_CONVERSION = YES_AGGRESSIVE;
				CLANG_CXX_LANGUAGE_STANDARD = "gnu++14";
				CLANG_CXX_LIBRARY = "libc++";
				CLANG_ENABLE_MODULES = YES;
				CLANG_ENABLE_OBJC_ARC = YES;
				CLANG_ENABLE_OBJC_WEAK = YES;
				CLANG_WARN_BLOCK_CAPTURE_AUTORELEASING = YES;
				CLANG_WARN_BOOL_CONVERSION = YES;
				CLANG_WARN_COMMA = YES;
				CLANG_WARN_CONSTANT_CONVERSION = YES;
				CLANG_WARN_DEPRECATED_OBJC_IMPLEMENTATIONS = YES;
				CLANG_WARN_DIRECT_OBJC_ISA_USAGE = YES_ERROR;
				CLANG_WARN_DOCUMENTATION_COMMENTS = YES;
				CLANG_WARN_EMPTY_BODY = YES;
				CLANG_WARN_ENUM_CONVERSION = YES;
				CLANG_WARN_INFINITE_RECURSION = YES;
				CLANG_WARN_INT_CONVERSION = YES;
				CLANG_WARN_NON_LITERAL_NULL_CONVERSION = YES;
				CLANG_WARN_OBJC_IMPLICIT_RETAIN_SELF = YES;
				CLANG_WARN_OBJC_LITERAL_CONVERSION = YES;
				CLANG_WARN_OBJC_ROOT_CLASS = YES_ERROR;
				CLANG_WARN_RANGE_LOOP_ANALYSIS = YES;
				CLANG_WARN_STRICT_PROTOTYPES = YES;
				CLANG_WARN_SUSPICIOUS_MOVE = YES;
				CLANG_WARN_UNGUARDED_AVAILABILITY = YES_AGGRESSIVE;
				CLANG_WARN_UNREACHABLE_CODE = YES;
				CLANG_WARN__DUPLICATE_METHOD_MATCH = YES;
				COPY_PHASE_STRIP = NO;
				DEBUG_INFORMATION_FORMAT = "dwarf-with-dsym";
				ENABLE_NS_ASSERTIONS = NO;
				ENABLE_STRICT_OBJC_MSGSEND = YES;
				GCC_C_LANGUAGE_STANDARD = gnu11;
				GCC_NO_COMMON_BLOCKS = YES;
				GCC_WARN_64_TO_32_BIT_CONVERSION = YES;
				GCC_WARN_ABOUT_RETURN_TYPE = YES_ERROR;
				GCC_WARN_UNDECLARED_SELECTOR = YES;
				GCC_WARN_UNINITIALIZED_AUTOS = YES_AGGRESSIVE;
				GCC_WARN_UNUSED_FUNCTION = YES;
				GCC_WARN_UNUSED_VARIABLE = YES;
				IPHONEOS_DEPLOYMENT_TARGET = 13.6;
				MTL_ENABLE_DEBUG_INFO = NO;
				MTL_FAST_MATH = YES;
				SDKROOT = iphoneos;
				SWIFT_COMPILATION_MODE = wholemodule;
				SWIFT_OPTIMIZATION_LEVEL = "-O";
				VALIDATE_PRODUCT = YES;
			};
			name = Release;
		};
		EA402EFC257C7CEF007F733A /* Debug */ = {
			isa = XCBuildConfiguration;
			buildSettings = {
				ASSETCATALOG_COMPILER_APPICON_NAME = AppIcon;
				CODE_SIGN_STYLE = Automatic;
				DEVELOPMENT_TEAM = 5P937ZG5VJ;
				INFOPLIST_FILE = BoidsSim/Info.plist;
				LD_RUNPATH_SEARCH_PATHS = (
					"$(inherited)",
					"@executable_path/Frameworks",
				);
				PRODUCT_BUNDLE_IDENTIFIER = "Kes-Will.BoidsSim";
				PRODUCT_NAME = "$(TARGET_NAME)";
				SWIFT_VERSION = 5.0;
				TARGETED_DEVICE_FAMILY = "1,2";
			};
			name = Debug;
		};
		EA402EFD257C7CEF007F733A /* Release */ = {
			isa = XCBuildConfiguration;
			buildSettings = {
				ASSETCATALOG_COMPILER_APPICON_NAME = AppIcon;
				CODE_SIGN_STYLE = Automatic;
				DEVELOPMENT_TEAM = 5P937ZG5VJ;
				INFOPLIST_FILE = BoidsSim/Info.plist;
				LD_RUNPATH_SEARCH_PATHS = (
					"$(inherited)",
					"@executable_path/Frameworks",
				);
				PRODUCT_BUNDLE_IDENTIFIER = "Kes-Will.BoidsSim";
				PRODUCT_NAME = "$(TARGET_NAME)";
				SWIFT_VERSION = 5.0;
				TARGETED_DEVICE_FAMILY = "1,2";
			};
			name = Release;
		};
		EA402EFF257C7CEF007F733A /* Debug */ = {
			isa = XCBuildConfiguration;
			buildSettings = {
				ALWAYS_EMBED_SWIFT_STANDARD_LIBRARIES = YES;
				BUNDLE_LOADER = "$(TEST_HOST)";
				CODE_SIGN_STYLE = Automatic;
				DEVELOPMENT_TEAM = 5P937ZG5VJ;
				INFOPLIST_FILE = BoidsSimTests/Info.plist;
				IPHONEOS_DEPLOYMENT_TARGET = 13.6;
				LD_RUNPATH_SEARCH_PATHS = (
					"$(inherited)",
					"@executable_path/Frameworks",
					"@loader_path/Frameworks",
				);
				PRODUCT_BUNDLE_IDENTIFIER = "Kes-Will.BoidsSimTests";
				PRODUCT_NAME = "$(TARGET_NAME)";
				SWIFT_VERSION = 5.0;
				TARGETED_DEVICE_FAMILY = "1,2";
				TEST_HOST = "$(BUILT_PRODUCTS_DIR)/BoidsSim.app/BoidsSim";
			};
			name = Debug;
		};
		EA402F00257C7CEF007F733A /* Release */ = {
			isa = XCBuildConfiguration;
			buildSettings = {
				ALWAYS_EMBED_SWIFT_STANDARD_LIBRARIES = YES;
				BUNDLE_LOADER = "$(TEST_HOST)";
				CODE_SIGN_STYLE = Automatic;
				DEVELOPMENT_TEAM = 5P937ZG5VJ;
				INFOPLIST_FILE = BoidsSimTests/Info.plist;
				IPHONEOS_DEPLOYMENT_TARGET = 13.6;
				LD_RUNPATH_SEARCH_PATHS = (
					"$(inherited)",
					"@executable_path/Frameworks",
					"@loader_path/Frameworks",
				);
				PRODUCT_BUNDLE_IDENTIFIER = "Kes-Will.BoidsSimTests";
				PRODUCT_NAME = "$(TARGET_NAME)";
				SWIFT_VERSION = 5.0;
				TARGETED_DEVICE_FAMILY = "1,2";
				TEST_HOST = "$(BUILT_PRODUCTS_DIR)/BoidsSim.app/BoidsSim";
			};
			name = Release;
		};
		EA402F02257C7CEF007F733A /* Debug */ = {
			isa = XCBuildConfiguration;
			buildSettings = {
				ALWAYS_EMBED_SWIFT_STANDARD_LIBRARIES = YES;
				CODE_SIGN_STYLE = Automatic;
				DEVELOPMENT_TEAM = 5P937ZG5VJ;
				INFOPLIST_FILE = BoidsSimUITests/Info.plist;
				LD_RUNPATH_SEARCH_PATHS = (
					"$(inherited)",
					"@executable_path/Frameworks",
					"@loader_path/Frameworks",
				);
				PRODUCT_BUNDLE_IDENTIFIER = "Kes-Will.BoidsSimUITests";
				PRODUCT_NAME = "$(TARGET_NAME)";
				SWIFT_VERSION = 5.0;
				TARGETED_DEVICE_FAMILY = "1,2";
				TEST_TARGET_NAME = BoidsSim;
			};
			name = Debug;
		};
		EA402F03257C7CEF007F733A /* Release */ = {
			isa = XCBuildConfiguration;
			buildSettings = {
				ALWAYS_EMBED_SWIFT_STANDARD_LIBRARIES = YES;
				CODE_SIGN_STYLE = Automatic;
				DEVELOPMENT_TEAM = 5P937ZG5VJ;
				INFOPLIST_FILE = BoidsSimUITests/Info.plist;
				LD_RUNPATH_SEARCH_PATHS = (
					"$(inherited)",
					"@executable_path/Frameworks",
					"@loader_path/Frameworks",
				);
				PRODUCT_BUNDLE_IDENTIFIER = "Kes-Will.BoidsSimUITests";
				PRODUCT_NAME = "$(TARGET_NAME)";
				SWIFT_VERSION = 5.0;
				TARGETED_DEVICE_FAMILY = "1,2";
				TEST_TARGET_NAME = BoidsSim;
			};
			name = Release;
		};
/* End XCBuildConfiguration section */

/* Begin XCConfigurationList section */
		EA402ECC257C7CE8007F733A /* Build configuration list for PBXProject "BoidsSim" */ = {
			isa = XCConfigurationList;
			buildConfigurations = (
				EA402EF9257C7CEF007F733A /* Debug */,
				EA402EFA257C7CEF007F733A /* Release */,
			);
			defaultConfigurationIsVisible = 0;
			defaultConfigurationName = Release;
		};
		EA402EFB257C7CEF007F733A /* Build configuration list for PBXNativeTarget "BoidsSim" */ = {
			isa = XCConfigurationList;
			buildConfigurations = (
				EA402EFC257C7CEF007F733A /* Debug */,
				EA402EFD257C7CEF007F733A /* Release */,
			);
			defaultConfigurationIsVisible = 0;
			defaultConfigurationName = Release;
		};
		EA402EFE257C7CEF007F733A /* Build configuration list for PBXNativeTarget "BoidsSimTests" */ = {
			isa = XCConfigurationList;
			buildConfigurations = (
				EA402EFF257C7CEF007F733A /* Debug */,
				EA402F00257C7CEF007F733A /* Release */,
			);
			defaultConfigurationIsVisible = 0;
			defaultConfigurationName = Release;
		};
		EA402F01257C7CEF007F733A /* Build configuration list for PBXNativeTarget "BoidsSimUITests" */ = {
			isa = XCConfigurationList;
			buildConfigurations = (
				EA402F02257C7CEF007F733A /* Debug */,
				EA402F03257C7CEF007F733A /* Release */,
			);
			defaultConfigurationIsVisible = 0;
			defaultConfigurationName = Release;
		};
/* End XCConfigurationList section */
	};
	rootObject = EA402EC9257C7CE8007F733A /* Project object */;
}
